{
  "name": "ciyp",
  "version": "2025.01",
  "lockfileVersion": 3,
  "requires": true,
  "packages": {
    "": {
      "name": "ciyp",
      "version": "2025.01",
      "hasInstallScript": true,
      "license": "ISC",
      "engines": {
        "node": "19.5.0",
        "npm": "9.6.7"
      }
    }
  }
}
